// !$*UTF8*$!
{
	archiveVersion = 1;
	classes = {
	};
	objectVersion = 77;
	objects = {

/* Begin PBXBuildFile section */
		011392DCA1EB206ACDDEA78A /* AppPreferencesTests.swift in Sources */ = {isa = PBXBuildFile; fileRef = 9E9974BA0EB077B6B59FCEFC /* AppPreferencesTests.swift */; };
		01530AA3A35D830CB4FB7A8B /* CalendarViewModel.swift in Sources */ = {isa = PBXBuildFile; fileRef = 285509CC4EA990C1FC002118 /* CalendarViewModel.swift */; };
		0163903817FF883CB8B2029D /* AIAnalysisScope.swift in Sources */ = {isa = PBXBuildFile; fileRef = 0516E0B05AA1246B66B672CD /* AIAnalysisScope.swift */; };
		01EEE712A19071F059B36888 /* DataTransferTests.swift in Sources */ = {isa = PBXBuildFile; fileRef = B209F88DD63A0C5AAA46E982 /* DataTransferTests.swift */; };
		023BC2BCDBDAC6CE827B64EC /* CategoryManagementView.swift in Sources */ = {isa = PBXBuildFile; fileRef = D48E2B9FFE5CBC898B99D9FB /* CategoryManagementView.swift */; };
		09147D5B202C0A41DB457507 /* ReleaseConfigurationTests.swift in Sources */ = {isa = PBXBuildFile; fileRef = A25021F3EB9DA4C59A8A6827 /* ReleaseConfigurationTests.swift */; };
		092B0604180758520981F051 /* MotionPolicy.swift in Sources */ = {isa = PBXBuildFile; fileRef = CDB25855C60DB7A89DF69739 /* MotionPolicy.swift */; };
		0C0CBADAB2CB382E58FF8937 /* EntryEditorViewModel.swift in Sources */ = {isa = PBXBuildFile; fileRef = B17EB2627356AD4DBBE8C2BD /* EntryEditorViewModel.swift */; };
		1105FD2C09C94AEB72323B17 /* bot.svg in Resources */ = {isa = PBXBuildFile; fileRef = 14BAE2EB96226004271CF832 /* bot.svg */; };
		1201556DEEDB74749EC402BC /* AIClientTests.swift in Sources */ = {isa = PBXBuildFile; fileRef = E14FDD4DDBD573A8C88887C5 /* AIClientTests.swift */; };
		14FA5B915E7264380B2D3CFC /* AISettingsView.swift in Sources */ = {isa = PBXBuildFile; fileRef = 3A1DC2FF5DAA2878C7A36C94 /* AISettingsView.swift */; };
		1BC5EB464ED5066492BCB972 /* DesignSystemTests.swift in Sources */ = {isa = PBXBuildFile; fileRef = 8E42157E0D58C5DAD1CFDD36 /* DesignSystemTests.swift */; };
		1BEC4AD365B40527ED4F93D5 /* AppTypography.swift in Sources */ = {isa = PBXBuildFile; fileRef = 273EB45675C9A3D918E62914 /* AppTypography.swift */; };
		1C74165CF292A1A4BE09BEED /* LocalizationTests.swift in Sources */ = {isa = PBXBuildFile; fileRef = EC8F858C8E17DF36AE979233 /* LocalizationTests.swift */; };
		2243EDC717704617B2CF6883 /* InsightsViewModelTests.swift in Sources */ = {isa = PBXBuildFile; fileRef = CF5D546B0BE55B957477E627 /* InsightsViewModelTests.swift */; };
		2568C94510F9B7C59EF3FDE8 /* SettingsRootView.swift in Sources */ = {isa = PBXBuildFile; fileRef = 8253AE6BB7FB3EF28BC155DE /* SettingsRootView.swift */; };
		26F1496B690C20128478F058 /* EntryEditorView.swift in Sources */ = {isa = PBXBuildFile; fileRef = D5B2DD37BFB3EC461A995BB0 /* EntryEditorView.swift */; };
		28C23CF7A444251CCFFAAC37 /* AIKeychainStore.swift in Sources */ = {isa = PBXBuildFile; fileRef = 2FB1897B80ADBFA37A1B3FF2 /* AIKeychainStore.swift */; };
		2E2870569D23E41B733FDFFB /* AppSmokeUITests.swift in Sources */ = {isa = PBXBuildFile; fileRef = 2B42970BD82248CFCC9F339B /* AppSmokeUITests.swift */; };
		300E6D5A6F56F937E39227E2 /* LedgerRepository.swift in Sources */ = {isa = PBXBuildFile; fileRef = 8DFE762FFCA72A30EBA4B055 /* LedgerRepository.swift */; };
		34A745A6FB05CE8564E53E60 /* LedgerFlowUITests.swift in Sources */ = {isa = PBXBuildFile; fileRef = 04ED95803D67504259A80C68 /* LedgerFlowUITests.swift */; };
		39493364396C24DA2824403C /* TestRepository.swift in Sources */ = {isa = PBXBuildFile; fileRef = C6FF4ADEFE90029DF29C28C4 /* TestRepository.swift */; };
		3B2177D1EFCD13CFC5844089 /* LedgerDraft.swift in Sources */ = {isa = PBXBuildFile; fileRef = 1914DEDBDDF1625BED2D5D3F /* LedgerDraft.swift */; };
		438549E7BD2351E2F6AB1C38 /* CalendarView.swift in Sources */ = {isa = PBXBuildFile; fileRef = 30460A7035A3ECB53367E397 /* CalendarView.swift */; };
		448D089EA6AD0124E8AD64FC /* EntryKind.swift in Sources */ = {isa = PBXBuildFile; fileRef = 9D7E67A84CB67EA6810931F9 /* EntryKind.swift */; };
		4552AF0F50004B658A241C96 /* LedgerTransferService.swift in Sources */ = {isa = PBXBuildFile; fileRef = C008EB58AC3F2E012B233730 /* LedgerTransferService.swift */; };
		45872D375A65704792003125 /* wallet-cards.svg in Resources */ = {isa = PBXBuildFile; fileRef = 7ECB73CC6115D74216A197B4 /* wallet-cards.svg */; };
		45BB6752D9350589B0F68091 /* RootView.swift in Sources */ = {isa = PBXBuildFile; fileRef = 778FF49608FC6315C122CA90 /* RootView.swift */; };
		4639F57364FF4A7D13F94303 /* ReleaseUpdateServiceTests.swift in Sources */ = {isa = PBXBuildFile; fileRef = B639E5C13E8D64C2B0716811 /* ReleaseUpdateServiceTests.swift */; };
		47ADEE0A15267A045E6F802B /* AIClient.swift in Sources */ = {isa = PBXBuildFile; fileRef = 9810A04F5F87E31DCD07F55C /* AIClient.swift */; };
		5AAC5D7EB34A29B57F171320 /* LedgerEntry.swift in Sources */ = {isa = PBXBuildFile; fileRef = F4DA7773C3AE81E413A09227 /* LedgerEntry.swift */; };
		5B649BDCD397D5B05053BEB5 /* LedgerViewModelTests.swift in Sources */ = {isa = PBXBuildFile; fileRef = 0778F870C489EBF3638530C0 /* LedgerViewModelTests.swift */; };
		60579EC3E5D1C8AFB691B67A /* LocalizationUITests.swift in Sources */ = {isa = PBXBuildFile; fileRef = 101D7743834FD0F7A30D5BED /* LocalizationUITests.swift */; };
		61949B45CE4F70D607F58F48 /* LedgerFormatting.swift in Sources */ = {isa = PBXBuildFile; fileRef = 8DB3E588E1B5DCA0C8556551 /* LedgerFormatting.swift */; };
		6440B21D0E2A99787A783EFB /* LedgerModelTests.swift in Sources */ = {isa = PBXBuildFile; fileRef = DE9B638973FC4A6905811674 /* LedgerModelTests.swift */; };
		654BB5C72CA324A7D78D9640 /* AppLocalization.swift in Sources */ = {isa = PBXBuildFile; fileRef = 468915B2438A93AA40583459 /* AppLocalization.swift */; };
		684A19A53E9BFE22CFCD3C2D /* ModelContainerFactory.swift in Sources */ = {isa = PBXBuildFile; fileRef = 7DC254E45CF35D0869B1AACC /* ModelContainerFactory.swift */; };
		6B4C5AC427C96CA24022C314 /* AppPreferences.swift in Sources */ = {isa = PBXBuildFile; fileRef = FF99A064E4EE51565E242869 /* AppPreferences.swift */; };
		6E4631F216C85329251E22A1 /* settings.svg in Resources */ = {isa = PBXBuildFile; fileRef = 722D486921FA67B9CA74ECCF /* settings.svg */; };
		6F32AF6BB9F1D8F554D45704 /* DeletionUndoCoordinator.swift in Sources */ = {isa = PBXBuildFile; fileRef = 1847841CB115A1A27FC9E978 /* DeletionUndoCoordinator.swift */; };
		7233F95ED6C30E36FF8B9904 /* ReleaseUpdateService.swift in Sources */ = {isa = PBXBuildFile; fileRef = 0763AB15861B74108C3F8A9B /* ReleaseUpdateService.swift */; };
		74D5256A3F38B169045BAD6F /* AppLaunchTests.swift in Sources */ = {isa = PBXBuildFile; fileRef = 285C8C72B8327ACDF2A99E12 /* AppLaunchTests.swift */; };
		75C4D5B8712E22259C191873 /* calendar-days.svg in Resources */ = {isa = PBXBuildFile; fileRef = D4A7FD72D4943AD4B3C02EB5 /* calendar-days.svg */; };
		7AA8FBEBBCC5B532058D644D /* SwiftDataLedgerRepository.swift in Sources */ = {isa = PBXBuildFile; fileRef = 3D080AF2B7E4CBB1FACBD127 /* SwiftDataLedgerRepository.swift */; };
		820456D01923514170E9C6A6 /* InsightsViewModel.swift in Sources */ = {isa = PBXBuildFile; fileRef = 18E932F4841675C7BF4B5E32 /* InsightsViewModel.swift */; };
		84E2A880A3DD9E8A6A509403 /* AILedgerAssistantView.swift in Sources */ = {isa = PBXBuildFile; fileRef = 4D83032BA66F7F414CB6881E /* AILedgerAssistantView.swift */; };
		86E5AD343BB89B0A4B2CA0BD /* LedgerRepositoryTests.swift in Sources */ = {isa = PBXBuildFile; fileRef = 736B3807812C26473D7F882E /* LedgerRepositoryTests.swift */; };
		8AA02FF08AD5CF2763CD39C8 /* EntryListView.swift in Sources */ = {isa = PBXBuildFile; fileRef = 7A566C3F32505B91A53691ED /* EntryListView.swift */; };
		8ABE1E7736B33A660885DFB4 /* DataTransferUITests.swift in Sources */ = {isa = PBXBuildFile; fileRef = A7F119834611E89B30FC8C4E /* DataTransferUITests.swift */; };
		8B894F197D73ED9D79B5B56F /* SelectionSummaryTests.swift in Sources */ = {isa = PBXBuildFile; fileRef = 33B4113230441C97FE52D658 /* SelectionSummaryTests.swift */; };
		8BA574C8F1BB745AA84BD27B /* LucideIcon.swift in Sources */ = {isa = PBXBuildFile; fileRef = FDB17D03C00B550BB027F9C0 /* LucideIcon.swift */; };
		8EA896D1BA519C53D8C74E4B /* SelectionSummaryBar.swift in Sources */ = {isa = PBXBuildFile; fileRef = F0FF0593F5A3A86424BEE71E /* SelectionSummaryBar.swift */; };
		94ACC48D7D6735722EC3E6DE /* GeneralSettingsView.swift in Sources */ = {isa = PBXBuildFile; fileRef = 6F4122964B4373AE4BEC8CC1 /* GeneralSettingsView.swift */; };
		9722F0C0722FDC4F6645FD24 /* AppDependencies.swift in Sources */ = {isa = PBXBuildFile; fileRef = 70EC276E57302B79AC0388C9 /* AppDependencies.swift */; };
		981A97F8835969E6D36141A1 /* QuickEntryView.swift in Sources */ = {isa = PBXBuildFile; fileRef = F78E68DFB6F04C1E88A1E275 /* QuickEntryView.swift */; };
		9C56B853000B8260A9079D14 /* InsightsView.swift in Sources */ = {isa = PBXBuildFile; fileRef = 04212990091380DA964BA3D4 /* InsightsView.swift */; };
		9C9011EBD97AF5490D2C348B /* LedgerViewModel.swift in Sources */ = {isa = PBXBuildFile; fileRef = 4BEEED90FA47DABABCB16315 /* LedgerViewModel.swift */; };
		9F05EAC093C637D0C6DDAF60 /* RepositoryDoubles.swift in Sources */ = {isa = PBXBuildFile; fileRef = DF8AE56FB62B72CFAC12FD6F /* RepositoryDoubles.swift */; };
		A0774D4B0ED73C111059DFC3 /* SelectionSummary.swift in Sources */ = {isa = PBXBuildFile; fileRef = 8223A5E2F57043F92EF567D7 /* SelectionSummary.swift */; };
		A861722774503EE34AE5C225 /* Assets.xcassets in Resources */ = {isa = PBXBuildFile; fileRef = F5C627C143CE7ADCFC039511 /* Assets.xcassets */; };
		A97393F233911E70D2F42D58 /* CalendarViewModelTests.swift in Sources */ = {isa = PBXBuildFile; fileRef = 92988B2E0EBB876FBD9EF53D /* CalendarViewModelTests.swift */; };
		A9AD8366C903BDF3BD7656B5 /* LedgerView.swift in Sources */ = {isa = PBXBuildFile; fileRef = ECE05E7DA8BC3A1B08A8655D /* LedgerView.swift */; };
		B1832F2C4790A72682A556D0 /* chart-no-axes-column-increasing.svg in Resources */ = {isa = PBXBuildFile; fileRef = 2EF6AF603A9AB92209141350 /* chart-no-axes-column-increasing.svg */; };
		B82086FCDAF6537711CC5BC2 /* DefaultCategorySeeder.swift in Sources */ = {isa = PBXBuildFile; fileRef = E5C3232742B10B85D4ABE3D7 /* DefaultCategorySeeder.swift */; };
		BB488B5EA80FE6CE396B151D /* LedgerFormattingTests.swift in Sources */ = {isa = PBXBuildFile; fileRef = 9CA531A262148C6E925475EA /* LedgerFormattingTests.swift */; };
		BE156DBB13E9D40150542611 /* Category.swift in Sources */ = {isa = PBXBuildFile; fileRef = 1CCBDC91A541B5225CB3F876 /* Category.swift */; };
		C0B9A3F9BBB0F1EF8D30526B /* InfoPlist.xcstrings in Resources */ = {isa = PBXBuildFile; fileRef = 95CA155E6F5DD502EA9DED6B /* InfoPlist.xcstrings */; };
		C1C7F6337BC32CA38FA0D68E /* RomeoDailyLedgerApp.swift in Sources */ = {isa = PBXBuildFile; fileRef = EDA585BD4B2A6A21D84CA811 /* RomeoDailyLedgerApp.swift */; };
		C251E1809192F7BC9299002A /* DataSettingsView.swift in Sources */ = {isa = PBXBuildFile; fileRef = E9035A2CCEB0E9782A5D58AA /* DataSettingsView.swift */; };
		CA6F75B15DE09E3B905F3C85 /* InsightsAggregatorTests.swift in Sources */ = {isa = PBXBuildFile; fileRef = 515D950653ACAF767AC15977 /* InsightsAggregatorTests.swift */; };
		D3019266CC126891FAEC4646 /* LedgerTransfer.swift in Sources */ = {isa = PBXBuildFile; fileRef = 92038D6365C9425679624D1E /* LedgerTransfer.swift */; };
		D5BF6095475660EBBE49735F /* InsightsAggregator.swift in Sources */ = {isa = PBXBuildFile; fileRef = 05A885D8484B0584D71867AC /* InsightsAggregator.swift */; };
		D7069E6DA32F025B8CB4F959 /* AIAnalysisTests.swift in Sources */ = {isa = PBXBuildFile; fileRef = 126B05A881F597276FBD1AE4 /* AIAnalysisTests.swift */; };
		DC9149DB8708C52EA3401BB9 /* AppTheme.swift in Sources */ = {isa = PBXBuildFile; fileRef = 30F00DA6AD2A46896549DE3D /* AppTheme.swift */; };
		DE17AEE489268E3913A54FF7 /* AIProtocol.swift in Sources */ = {isa = PBXBuildFile; fileRef = 7172A46A07B273EB8B22FB46 /* AIProtocol.swift */; };
		E17A406D90DB0EA740D84ECF /* UpdateCheckView.swift in Sources */ = {isa = PBXBuildFile; fileRef = 4159122C65420F1933DE1498 /* UpdateCheckView.swift */; };
		E801873011ED7BEE2C202F3F /* AppCommands.swift in Sources */ = {isa = PBXBuildFile; fileRef = 6260AABBF7B6FE7A9747BF15 /* AppCommands.swift */; };
		EDDE9FBAE609B2BD93AAC29A /* Localizable.xcstrings in Resources */ = {isa = PBXBuildFile; fileRef = 6400FC8EF43B356EB5BF857B /* Localizable.xcstrings */; };
		F6E071D002CFAC98B89E9F87 /* AIFlowUITests.swift in Sources */ = {isa = PBXBuildFile; fileRef = C57A6F03ACA3641BD1AA472D /* AIFlowUITests.swift */; };
		FED427BC35A8884B5202C714 /* AppearanceSettingsView.swift in Sources */ = {isa = PBXBuildFile; fileRef = B8A6E3117FFDD8D02D2DED82 /* AppearanceSettingsView.swift */; };
/* End PBXBuildFile section */

/* Begin PBXContainerItemProxy section */
		5F9359DBFAF9FC046FA17D23 /* PBXContainerItemProxy */ = {
			isa = PBXContainerItemProxy;
			containerPortal = 7E0EDD132EE9AB7807B9CD26 /* Project object */;
			proxyType = 1;
			remoteGlobalIDString = AD59B0D017FA8249296E460C;
			remoteInfo = RomeoDailyLedger;
		};
		BF10F2B60514C9C4435A4781 /* PBXContainerItemProxy */ = {
			isa = PBXContainerItemProxy;
			containerPortal = 7E0EDD132EE9AB7807B9CD26 /* Project object */;
			proxyType = 1;
			remoteGlobalIDString = AD59B0D017FA8249296E460C;
			remoteInfo = RomeoDailyLedger;
		};
/* End PBXContainerItemProxy section */

/* Begin PBXFileReference section */
		04212990091380DA964BA3D4 /* InsightsView.swift */ = {isa = PBXFileReference; lastKnownFileType = sourcecode.swift; path = InsightsView.swift; sourceTree = "<group>"; };
		04ED95803D67504259A80C68 /* LedgerFlowUITests.swift */ = {isa = PBXFileReference; lastKnownFileType = sourcecode.swift; path = LedgerFlowUITests.swift; sourceTree = "<group>"; };
		0516E0B05AA1246B66B672CD /* AIAnalysisScope.swift */ = {isa = PBXFileReference; lastKnownFileType = sourcecode.swift; path = AIAnalysisScope.swift; sourceTree = "<group>"; };
		05A885D8484B0584D71867AC /* InsightsAggregator.swift */ = {isa = PBXFileReference; lastKnownFileType = sourcecode.swift; path = InsightsAggregator.swift; sourceTree = "<group>"; };
		0763AB15861B74108C3F8A9B /* ReleaseUpdateService.swift */ = {isa = PBXFileReference; lastKnownFileType = sourcecode.swift; path = ReleaseUpdateService.swift; sourceTree = "<group>"; };
		0778F870C489EBF3638530C0 /* LedgerViewModelTests.swift */ = {isa = PBXFileReference; lastKnownFileType = sourcecode.swift; path = LedgerViewModelTests.swift; sourceTree = "<group>"; };
		101D7743834FD0F7A30D5BED /* LocalizationUITests.swift */ = {isa = PBXFileReference; lastKnownFileType = sourcecode.swift; path = LocalizationUITests.swift; sourceTree = "<group>"; };
		126B05A881F597276FBD1AE4 /* AIAnalysisTests.swift */ = {isa = PBXFileReference; lastKnownFileType = sourcecode.swift; path = AIAnalysisTests.swift; sourceTree = "<group>"; };
		14BAE2EB96226004271CF832 /* bot.svg */ = {isa = PBXFileReference; path = bot.svg; sourceTree = "<group>"; };
		165C6F4961A516A3C4BEDBBE /* RomeoDailyLedgerUITests.xctest */ = {isa = PBXFileReference; explicitFileType = wrapper.cfbundle; includeInIndex = 0; path = RomeoDailyLedgerUITests.xctest; sourceTree = BUILT_PRODUCTS_DIR; };
		1847841CB115A1A27FC9E978 /* DeletionUndoCoordinator.swift */ = {isa = PBXFileReference; lastKnownFileType = sourcecode.swift; path = DeletionUndoCoordinator.swift; sourceTree = "<group>"; };
		18E932F4841675C7BF4B5E32 /* InsightsViewModel.swift */ = {isa = PBXFileReference; lastKnownFileType = sourcecode.swift; path = InsightsViewModel.swift; sourceTree = "<group>"; };
		1914DEDBDDF1625BED2D5D3F /* LedgerDraft.swift */ = {isa = PBXFileReference; lastKnownFileType = sourcecode.swift; path = LedgerDraft.swift; sourceTree = "<group>"; };
		1CCBDC91A541B5225CB3F876 /* Category.swift */ = {isa = PBXFileReference; lastKnownFileType = sourcecode.swift; path = Category.swift; sourceTree = "<group>"; };
		273EB45675C9A3D918E62914 /* AppTypography.swift */ = {isa = PBXFileReference; lastKnownFileType = sourcecode.swift; path = AppTypography.swift; sourceTree = "<group>"; };
		285509CC4EA990C1FC002118 /* CalendarViewModel.swift */ = {isa = PBXFileReference; lastKnownFileType = sourcecode.swift; path = CalendarViewModel.swift; sourceTree = "<group>"; };
		285C8C72B8327ACDF2A99E12 /* AppLaunchTests.swift */ = {isa = PBXFileReference; lastKnownFileType = sourcecode.swift; path = AppLaunchTests.swift; sourceTree = "<group>"; };
		2B42970BD82248CFCC9F339B /* AppSmokeUITests.swift */ = {isa = PBXFileReference; lastKnownFileType = sourcecode.swift; path = AppSmokeUITests.swift; sourceTree = "<group>"; };
		2D4C059999A1C91C66518790 /* Info.plist */ = {isa = PBXFileReference; lastKnownFileType = text.plist; path = Info.plist; sourceTree = "<group>"; };
		2EF6AF603A9AB92209141350 /* chart-no-axes-column-increasing.svg */ = {isa = PBXFileReference; path = "chart-no-axes-column-increasing.svg"; sourceTree = "<group>"; };
		2FB1897B80ADBFA37A1B3FF2 /* AIKeychainStore.swift */ = {isa = PBXFileReference; lastKnownFileType = sourcecode.swift; path = AIKeychainStore.swift; sourceTree = "<group>"; };
		30460A7035A3ECB53367E397 /* CalendarView.swift */ = {isa = PBXFileReference; lastKnownFileType = sourcecode.swift; path = CalendarView.swift; sourceTree = "<group>"; };
		30F00DA6AD2A46896549DE3D /* AppTheme.swift */ = {isa = PBXFileReference; lastKnownFileType = sourcecode.swift; path = AppTheme.swift; sourceTree = "<group>"; };
		33B4113230441C97FE52D658 /* SelectionSummaryTests.swift */ = {isa = PBXFileReference; lastKnownFileType = sourcecode.swift; path = SelectionSummaryTests.swift; sourceTree = "<group>"; };
		3A1DC2FF5DAA2878C7A36C94 /* AISettingsView.swift */ = {isa = PBXFileReference; lastKnownFileType = sourcecode.swift; path = AISettingsView.swift; sourceTree = "<group>"; };
		3D080AF2B7E4CBB1FACBD127 /* SwiftDataLedgerRepository.swift */ = {isa = PBXFileReference; lastKnownFileType = sourcecode.swift; path = SwiftDataLedgerRepository.swift; sourceTree = "<group>"; };
		4159122C65420F1933DE1498 /* UpdateCheckView.swift */ = {isa = PBXFileReference; lastKnownFileType = sourcecode.swift; path = UpdateCheckView.swift; sourceTree = "<group>"; };
		468915B2438A93AA40583459 /* AppLocalization.swift */ = {isa = PBXFileReference; lastKnownFileType = sourcecode.swift; path = AppLocalization.swift; sourceTree = "<group>"; };
		4BEEED90FA47DABABCB16315 /* LedgerViewModel.swift */ = {isa = PBXFileReference; lastKnownFileType = sourcecode.swift; path = LedgerViewModel.swift; sourceTree = "<group>"; };
		4D83032BA66F7F414CB6881E /* AILedgerAssistantView.swift */ = {isa = PBXFileReference; lastKnownFileType = sourcecode.swift; path = AILedgerAssistantView.swift; sourceTree = "<group>"; };
		515D950653ACAF767AC15977 /* InsightsAggregatorTests.swift */ = {isa = PBXFileReference; lastKnownFileType = sourcecode.swift; path = InsightsAggregatorTests.swift; sourceTree = "<group>"; };
		6260AABBF7B6FE7A9747BF15 /* AppCommands.swift */ = {isa = PBXFileReference; lastKnownFileType = sourcecode.swift; path = AppCommands.swift; sourceTree = "<group>"; };
		6400FC8EF43B356EB5BF857B /* Localizable.xcstrings */ = {isa = PBXFileReference; lastKnownFileType = text.json.xcstrings; path = Localizable.xcstrings; sourceTree = "<group>"; };
		6F4122964B4373AE4BEC8CC1 /* GeneralSettingsView.swift */ = {isa = PBXFileReference; lastKnownFileType = sourcecode.swift; path = GeneralSettingsView.swift; sourceTree = "<group>"; };
		70EC276E57302B79AC0388C9 /* AppDependencies.swift */ = {isa = PBXFileReference; lastKnownFileType = sourcecode.swift; path = AppDependencies.swift; sourceTree = "<group>"; };
		7172A46A07B273EB8B22FB46 /* AIProtocol.swift */ = {isa = PBXFileReference; lastKnownFileType = sourcecode.swift; path = AIProtocol.swift; sourceTree = "<group>"; };
		722D486921FA67B9CA74ECCF /* settings.svg */ = {isa = PBXFileReference; path = settings.svg; sourceTree = "<group>"; };
		736B3807812C26473D7F882E /* LedgerRepositoryTests.swift */ = {isa = PBXFileReference; lastKnownFileType = sourcecode.swift; path = LedgerRepositoryTests.swift; sourceTree = "<group>"; };
		778FF49608FC6315C122CA90 /* RootView.swift */ = {isa = PBXFileReference; lastKnownFileType = sourcecode.swift; path = RootView.swift; sourceTree = "<group>"; };
		7A566C3F32505B91A53691ED /* EntryListView.swift */ = {isa = PBXFileReference; lastKnownFileType = sourcecode.swift; path = EntryListView.swift; sourceTree = "<group>"; };
		7DC254E45CF35D0869B1AACC /* ModelContainerFactory.swift */ = {isa = PBXFileReference; lastKnownFileType = sourcecode.swift; path = ModelContainerFactory.swift; sourceTree = "<group>"; };
		7ECB73CC6115D74216A197B4 /* wallet-cards.svg */ = {isa = PBXFileReference; path = "wallet-cards.svg"; sourceTree = "<group>"; };
		81AB2F72DE14DE048D965954 /* Release.xcconfig */ = {isa = PBXFileReference; lastKnownFileType = text.xcconfig; path = Release.xcconfig; sourceTree = "<group>"; };
		8223A5E2F57043F92EF567D7 /* SelectionSummary.swift */ = {isa = PBXFileReference; lastKnownFileType = sourcecode.swift; path = SelectionSummary.swift; sourceTree = "<group>"; };
		8253AE6BB7FB3EF28BC155DE /* SettingsRootView.swift */ = {isa = PBXFileReference; lastKnownFileType = sourcecode.swift; path = SettingsRootView.swift; sourceTree = "<group>"; };
		8A34ECAA59A845F2BE01B83C /* RomeoDailyLedger.app */ = {isa = PBXFileReference; explicitFileType = wrapper.application; includeInIndex = 0; path = RomeoDailyLedger.app; sourceTree = BUILT_PRODUCTS_DIR; };
		8DB3E588E1B5DCA0C8556551 /* LedgerFormatting.swift */ = {isa = PBXFileReference; lastKnownFileType = sourcecode.swift; path = LedgerFormatting.swift; sourceTree = "<group>"; };
		8DFE762FFCA72A30EBA4B055 /* LedgerRepository.swift */ = {isa = PBXFileReference; lastKnownFileType = sourcecode.swift; path = LedgerRepository.swift; sourceTree = "<group>"; };
		8E42157E0D58C5DAD1CFDD36 /* DesignSystemTests.swift */ = {isa = PBXFileReference; lastKnownFileType = sourcecode.swift; path = DesignSystemTests.swift; sourceTree = "<group>"; };
		92038D6365C9425679624D1E /* LedgerTransfer.swift */ = {isa = PBXFileReference; lastKnownFileType = sourcecode.swift; path = LedgerTransfer.swift; sourceTree = "<group>"; };
		92988B2E0EBB876FBD9EF53D /* CalendarViewModelTests.swift */ = {isa = PBXFileReference; lastKnownFileType = sourcecode.swift; path = CalendarViewModelTests.swift; sourceTree = "<group>"; };
		95CA155E6F5DD502EA9DED6B /* InfoPlist.xcstrings */ = {isa = PBXFileReference; lastKnownFileType = text.json.xcstrings; path = InfoPlist.xcstrings; sourceTree = "<group>"; };
		9810A04F5F87E31DCD07F55C /* AIClient.swift */ = {isa = PBXFileReference; lastKnownFileType = sourcecode.swift; path = AIClient.swift; sourceTree = "<group>"; };
		9CA531A262148C6E925475EA /* LedgerFormattingTests.swift */ = {isa = PBXFileReference; lastKnownFileType = sourcecode.swift; path = LedgerFormattingTests.swift; sourceTree = "<group>"; };
		9D7E67A84CB67EA6810931F9 /* EntryKind.swift */ = {isa = PBXFileReference; lastKnownFileType = sourcecode.swift; path = EntryKind.swift; sourceTree = "<group>"; };
		9E9974BA0EB077B6B59FCEFC /* AppPreferencesTests.swift */ = {isa = PBXFileReference; lastKnownFileType = sourcecode.swift; path = AppPreferencesTests.swift; sourceTree = "<group>"; };
		A25021F3EB9DA4C59A8A6827 /* ReleaseConfigurationTests.swift */ = {isa = PBXFileReference; lastKnownFileType = sourcecode.swift; path = ReleaseConfigurationTests.swift; sourceTree = "<group>"; };
		A7F119834611E89B30FC8C4E /* DataTransferUITests.swift */ = {isa = PBXFileReference; lastKnownFileType = sourcecode.swift; path = DataTransferUITests.swift; sourceTree = "<group>"; };
		A86AB2C645BD94FEA4864A32 /* Debug.xcconfig */ = {isa = PBXFileReference; lastKnownFileType = text.xcconfig; path = Debug.xcconfig; sourceTree = "<group>"; };
		B17EB2627356AD4DBBE8C2BD /* EntryEditorViewModel.swift */ = {isa = PBXFileReference; lastKnownFileType = sourcecode.swift; path = EntryEditorViewModel.swift; sourceTree = "<group>"; };
		B209F88DD63A0C5AAA46E982 /* DataTransferTests.swift */ = {isa = PBXFileReference; lastKnownFileType = sourcecode.swift; path = DataTransferTests.swift; sourceTree = "<group>"; };
		B639E5C13E8D64C2B0716811 /* ReleaseUpdateServiceTests.swift */ = {isa = PBXFileReference; lastKnownFileType = sourcecode.swift; path = ReleaseUpdateServiceTests.swift; sourceTree = "<group>"; };
		B8A6E3117FFDD8D02D2DED82 /* AppearanceSettingsView.swift */ = {isa = PBXFileReference; lastKnownFileType = sourcecode.swift; path = AppearanceSettingsView.swift; sourceTree = "<group>"; };
		C008EB58AC3F2E012B233730 /* LedgerTransferService.swift */ = {isa = PBXFileReference; lastKnownFileType = sourcecode.swift; path = LedgerTransferService.swift; sourceTree = "<group>"; };
		C57A6F03ACA3641BD1AA472D /* AIFlowUITests.swift */ = {isa = PBXFileReference; lastKnownFileType = sourcecode.swift; path = AIFlowUITests.swift; sourceTree = "<group>"; };
		C6FF4ADEFE90029DF29C28C4 /* TestRepository.swift */ = {isa = PBXFileReference; lastKnownFileType = sourcecode.swift; path = TestRepository.swift; sourceTree = "<group>"; };
		CDB25855C60DB7A89DF69739 /* MotionPolicy.swift */ = {isa = PBXFileReference; lastKnownFileType = sourcecode.swift; path = MotionPolicy.swift; sourceTree = "<group>"; };
		CF5D546B0BE55B957477E627 /* InsightsViewModelTests.swift */ = {isa = PBXFileReference; lastKnownFileType = sourcecode.swift; path = InsightsViewModelTests.swift; sourceTree = "<group>"; };
		D48E2B9FFE5CBC898B99D9FB /* CategoryManagementView.swift */ = {isa = PBXFileReference; lastKnownFileType = sourcecode.swift; path = CategoryManagementView.swift; sourceTree = "<group>"; };
		D4A7FD72D4943AD4B3C02EB5 /* calendar-days.svg */ = {isa = PBXFileReference; path = "calendar-days.svg"; sourceTree = "<group>"; };
		D5B2DD37BFB3EC461A995BB0 /* EntryEditorView.swift */ = {isa = PBXFileReference; lastKnownFileType = sourcecode.swift; path = EntryEditorView.swift; sourceTree = "<group>"; };
		DA089AFA028DF85DE6C2E69E /* RomeoDailyLedgerTests.xctest */ = {isa = PBXFileReference; explicitFileType = wrapper.cfbundle; includeInIndex = 0; path = RomeoDailyLedgerTests.xctest; sourceTree = BUILT_PRODUCTS_DIR; };
		DE9B638973FC4A6905811674 /* LedgerModelTests.swift */ = {isa = PBXFileReference; lastKnownFileType = sourcecode.swift; path = LedgerModelTests.swift; sourceTree = "<group>"; };
		DF8AE56FB62B72CFAC12FD6F /* RepositoryDoubles.swift */ = {isa = PBXFileReference; lastKnownFileType = sourcecode.swift; path = RepositoryDoubles.swift; sourceTree = "<group>"; };
		E14FDD4DDBD573A8C88887C5 /* AIClientTests.swift */ = {isa = PBXFileReference; lastKnownFileType = sourcecode.swift; path = AIClientTests.swift; sourceTree = "<group>"; };
		E5C3232742B10B85D4ABE3D7 /* DefaultCategorySeeder.swift */ = {isa = PBXFileReference; lastKnownFileType = sourcecode.swift; path = DefaultCategorySeeder.swift; sourceTree = "<group>"; };
		E9035A2CCEB0E9782A5D58AA /* DataSettingsView.swift */ = {isa = PBXFileReference; lastKnownFileType = sourcecode.swift; path = DataSettingsView.swift; sourceTree = "<group>"; };
		EC8F858C8E17DF36AE979233 /* LocalizationTests.swift */ = {isa = PBXFileReference; lastKnownFileType = sourcecode.swift; path = LocalizationTests.swift; sourceTree = "<group>"; };
		ECE05E7DA8BC3A1B08A8655D /* LedgerView.swift */ = {isa = PBXFileReference; lastKnownFileType = sourcecode.swift; path = LedgerView.swift; sourceTree = "<group>"; };
		EDA585BD4B2A6A21D84CA811 /* RomeoDailyLedgerApp.swift */ = {isa = PBXFileReference; lastKnownFileType = sourcecode.swift; path = RomeoDailyLedgerApp.swift; sourceTree = "<group>"; };
		F0FF0593F5A3A86424BEE71E /* SelectionSummaryBar.swift */ = {isa = PBXFileReference; lastKnownFileType = sourcecode.swift; path = SelectionSummaryBar.swift; sourceTree = "<group>"; };
		F4DA7773C3AE81E413A09227 /* LedgerEntry.swift */ = {isa = PBXFileReference; lastKnownFileType = sourcecode.swift; path = LedgerEntry.swift; sourceTree = "<group>"; };
		F5C627C143CE7ADCFC039511 /* Assets.xcassets */ = {isa = PBXFileReference; lastKnownFileType = folder.assetcatalog; path = Assets.xcassets; sourceTree = "<group>"; };
		F78E68DFB6F04C1E88A1E275 /* QuickEntryView.swift */ = {isa = PBXFileReference; lastKnownFileType = sourcecode.swift; path = QuickEntryView.swift; sourceTree = "<group>"; };
		FDB17D03C00B550BB027F9C0 /* LucideIcon.swift */ = {isa = PBXFileReference; lastKnownFileType = sourcecode.swift; path = LucideIcon.swift; sourceTree = "<group>"; };
		FF99A064E4EE51565E242869 /* AppPreferences.swift */ = {isa = PBXFileReference; lastKnownFileType = sourcecode.swift; path = AppPreferences.swift; sourceTree = "<group>"; };
/* End PBXFileReference section */

/* Begin PBXGroup section */
		053D34F164C093B4ADB8694E /* Calendar */ = {
			isa = PBXGroup;
			children = (
				92988B2E0EBB876FBD9EF53D /* CalendarViewModelTests.swift */,
			);
			path = Calendar;
			sourceTree = "<group>";
		};
		0743AB2A37E4CB6EF760D3C2 /* Preferences */ = {
			isa = PBXGroup;
			children = (
				468915B2438A93AA40583459 /* AppLocalization.swift */,
				FF99A064E4EE51565E242869 /* AppPreferences.swift */,
			);
			path = Preferences;
			sourceTree = "<group>";
		};
		0D4A97407D6BB0188B4E591F /* DesignSystem */ = {
			isa = PBXGroup;
			children = (
				8E42157E0D58C5DAD1CFDD36 /* DesignSystemTests.swift */,
			);
			path = DesignSystem;
			sourceTree = "<group>";
		};
		170C1AC99CAA3996329B1419 /* AI */ = {
			isa = PBXGroup;
			children = (
				126B05A881F597276FBD1AE4 /* AIAnalysisTests.swift */,
				E14FDD4DDBD573A8C88887C5 /* AIClientTests.swift */,
			);
			path = AI;
			sourceTree = "<group>";
		};
		1958BF26297D7647629AE4AB /* DataTransfer */ = {
			isa = PBXGroup;
			children = (
				B209F88DD63A0C5AAA46E982 /* DataTransferTests.swift */,
			);
			path = DataTransfer;
			sourceTree = "<group>";
		};
		211D4B8A25F5D378D8CA763D /* Calendar */ = {
			isa = PBXGroup;
			children = (
				30460A7035A3ECB53367E397 /* CalendarView.swift */,
				285509CC4EA990C1FC002118 /* CalendarViewModel.swift */,
			);
			path = Calendar;
			sourceTree = "<group>";
		};
		2295D584D775B602188BEC61 /* Support */ = {
			isa = PBXGroup;
			children = (
				DF8AE56FB62B72CFAC12FD6F /* RepositoryDoubles.swift */,
				C6FF4ADEFE90029DF29C28C4 /* TestRepository.swift */,
			);
			path = Support;
			sourceTree = "<group>";
		};
		2C8A458A8D5712E4C9BFAC9B /* DataTransfer */ = {
			isa = PBXGroup;
			children = (
				92038D6365C9425679624D1E /* LedgerTransfer.swift */,
				C008EB58AC3F2E012B233730 /* LedgerTransferService.swift */,
			);
			path = DataTransfer;
			sourceTree = "<group>";
		};
		3D9CB5F6608E31B0F0B24D91 /* Persistence */ = {
			isa = PBXGroup;
			children = (
				E5C3232742B10B85D4ABE3D7 /* DefaultCategorySeeder.swift */,
				8DFE762FFCA72A30EBA4B055 /* LedgerRepository.swift */,
				7DC254E45CF35D0869B1AACC /* ModelContainerFactory.swift */,
				3D080AF2B7E4CBB1FACBD127 /* SwiftDataLedgerRepository.swift */,
			);
			path = Persistence;
			sourceTree = "<group>";
		};
		3EF4304E680931D851997CDC /* Insights */ = {
			isa = PBXGroup;
			children = (
				515D950653ACAF767AC15977 /* InsightsAggregatorTests.swift */,
				CF5D546B0BE55B957477E627 /* InsightsViewModelTests.swift */,
			);
			path = Insights;
			sourceTree = "<group>";
		};
		4772F72C77EDBC9AF93281CE /* Insights */ = {
			isa = PBXGroup;
			children = (
				05A885D8484B0584D71867AC /* InsightsAggregator.swift */,
				04212990091380DA964BA3D4 /* InsightsView.swift */,
				18E932F4841675C7BF4B5E32 /* InsightsViewModel.swift */,
			);
			path = Insights;
			sourceTree = "<group>";
		};
		49A0F4038BEC9293FDCBB850 /* Resources */ = {
			isa = PBXGroup;
			children = (
				F5C627C143CE7ADCFC039511 /* Assets.xcassets */,
				2D4C059999A1C91C66518790 /* Info.plist */,
				95CA155E6F5DD502EA9DED6B /* InfoPlist.xcstrings */,
				6400FC8EF43B356EB5BF857B /* Localizable.xcstrings */,
				BE17FE7B8051CE666D09003C /* Lucide */,
			);
			path = Resources;
			sourceTree = "<group>";
		};
		5196F60D22765D14971580B3 /* Persistence */ = {
			isa = PBXGroup;
			children = (
				736B3807812C26473D7F882E /* LedgerRepositoryTests.swift */,
			);
			path = Persistence;
			sourceTree = "<group>";
		};
		51FA0A252D61AEBD4ED3AD10 /* Settings */ = {
			isa = PBXGroup;
			children = (
				3A1DC2FF5DAA2878C7A36C94 /* AISettingsView.swift */,
				B8A6E3117FFDD8D02D2DED82 /* AppearanceSettingsView.swift */,
				D48E2B9FFE5CBC898B99D9FB /* CategoryManagementView.swift */,
				E9035A2CCEB0E9782A5D58AA /* DataSettingsView.swift */,
				6F4122964B4373AE4BEC8CC1 /* GeneralSettingsView.swift */,
				8253AE6BB7FB3EF28BC155DE /* SettingsRootView.swift */,
				4159122C65420F1933DE1498 /* UpdateCheckView.swift */,
			);
			path = Settings;
			sourceTree = "<group>";
		};
		581823D53BDBB98E550EE854 /* Settings */ = {
			isa = PBXGroup;
			children = (
				9E9974BA0EB077B6B59FCEFC /* AppPreferencesTests.swift */,
				EC8F858C8E17DF36AE979233 /* LocalizationTests.swift */,
			);
			path = Settings;
			sourceTree = "<group>";
		};
		59E32C86EC87E6C02FE3EFCA /* Config */ = {
			isa = PBXGroup;
			children = (
				A86AB2C645BD94FEA4864A32 /* Debug.xcconfig */,
				81AB2F72DE14DE048D965954 /* Release.xcconfig */,
			);
			path = Config;
			sourceTree = "<group>";
		};
		682DE32BC703187CDD2A8D90 /* Domain */ = {
			isa = PBXGroup;
			children = (
				1CCBDC91A541B5225CB3F876 /* Category.swift */,
				9D7E67A84CB67EA6810931F9 /* EntryKind.swift */,
				1914DEDBDDF1625BED2D5D3F /* LedgerDraft.swift */,
				F4DA7773C3AE81E413A09227 /* LedgerEntry.swift */,
			);
			path = Domain;
			sourceTree = "<group>";
		};
		70850B10AF003B272229040B /* Features */ = {
			isa = PBXGroup;
			children = (
				CE227289878F01653BF63D9E /* AI */,
				211D4B8A25F5D378D8CA763D /* Calendar */,
				4772F72C77EDBC9AF93281CE /* Insights */,
				D17D30E0722947271CDCEC47 /* Ledger */,
				51FA0A252D61AEBD4ED3AD10 /* Settings */,
			);
			path = Features;
			sourceTree = "<group>";
		};
		78DB43E4C15680242561C2E1 /* Release */ = {
			isa = PBXGroup;
			children = (
				0763AB15861B74108C3F8A9B /* ReleaseUpdateService.swift */,
			);
			path = Release;
			sourceTree = "<group>";
		};
		7C900B868FE8E7E3F7C6AB3E /* Infrastructure */ = {
			isa = PBXGroup;
			children = (
				938311D67D9A7DB4D8549FAE /* AI */,
				2C8A458A8D5712E4C9BFAC9B /* DataTransfer */,
				3D9CB5F6608E31B0F0B24D91 /* Persistence */,
				0743AB2A37E4CB6EF760D3C2 /* Preferences */,
				78DB43E4C15680242561C2E1 /* Release */,
			);
			path = Infrastructure;
			sourceTree = "<group>";
		};
		7F7FECFAD1EE10E4BF885C0A = {
			isa = PBXGroup;
			children = (
				59E32C86EC87E6C02FE3EFCA /* Config */,
				95D48617F39AE58DFD36DBEB /* RomeoDailyLedger */,
				CCFE3FA12F5DFDE6C9397B8F /* RomeoDailyLedgerTests */,
				D1E52FBF8F17809A88C5FEED /* RomeoDailyLedgerUITests */,
				CFE8247AA6ABED2B4B1A8FF8 /* Products */,
			);
			sourceTree = "<group>";
		};
		89FDDBBB6F75E0E81DA58BAC /* Release */ = {
			isa = PBXGroup;
			children = (
				A25021F3EB9DA4C59A8A6827 /* ReleaseConfigurationTests.swift */,
				B639E5C13E8D64C2B0716811 /* ReleaseUpdateServiceTests.swift */,
			);
			path = Release;
			sourceTree = "<group>";
		};
		938311D67D9A7DB4D8549FAE /* AI */ = {
			isa = PBXGroup;
			children = (
				0516E0B05AA1246B66B672CD /* AIAnalysisScope.swift */,
				9810A04F5F87E31DCD07F55C /* AIClient.swift */,
				2FB1897B80ADBFA37A1B3FF2 /* AIKeychainStore.swift */,
				7172A46A07B273EB8B22FB46 /* AIProtocol.swift */,
			);
			path = AI;
			sourceTree = "<group>";
		};
		95D48617F39AE58DFD36DBEB /* RomeoDailyLedger */ = {
			isa = PBXGroup;
			children = (
				BD8295AE73C46540B2D6A533 /* App */,
				C32F01C9E9CEFA1C4EC5706B /* DesignSystem */,
				682DE32BC703187CDD2A8D90 /* Domain */,
				70850B10AF003B272229040B /* Features */,
				7C900B868FE8E7E3F7C6AB3E /* Infrastructure */,
				49A0F4038BEC9293FDCBB850 /* Resources */,
			);
			path = RomeoDailyLedger;
			sourceTree = "<group>";
		};
		A6E4EBE8A541A23E60E4BB55 /* Ledger */ = {
			isa = PBXGroup;
			children = (
				9CA531A262148C6E925475EA /* LedgerFormattingTests.swift */,
				0778F870C489EBF3638530C0 /* LedgerViewModelTests.swift */,
				33B4113230441C97FE52D658 /* SelectionSummaryTests.swift */,
			);
			path = Ledger;
			sourceTree = "<group>";
		};
		BD8295AE73C46540B2D6A533 /* App */ = {
			isa = PBXGroup;
			children = (
				6260AABBF7B6FE7A9747BF15 /* AppCommands.swift */,
				70EC276E57302B79AC0388C9 /* AppDependencies.swift */,
				EDA585BD4B2A6A21D84CA811 /* RomeoDailyLedgerApp.swift */,
				778FF49608FC6315C122CA90 /* RootView.swift */,
			);
			path = App;
			sourceTree = "<group>";
		};
		BE17FE7B8051CE666D09003C /* Lucide */ = {
			isa = PBXGroup;
			children = (
				14BAE2EB96226004271CF832 /* bot.svg */,
				D4A7FD72D4943AD4B3C02EB5 /* calendar-days.svg */,
				2EF6AF603A9AB92209141350 /* chart-no-axes-column-increasing.svg */,
				722D486921FA67B9CA74ECCF /* settings.svg */,
				7ECB73CC6115D74216A197B4 /* wallet-cards.svg */,
			);
			path = Lucide;
			sourceTree = "<group>";
		};
		C32F01C9E9CEFA1C4EC5706B /* DesignSystem */ = {
			isa = PBXGroup;
			children = (
				30F00DA6AD2A46896549DE3D /* AppTheme.swift */,
				273EB45675C9A3D918E62914 /* AppTypography.swift */,
				FDB17D03C00B550BB027F9C0 /* LucideIcon.swift */,
				CDB25855C60DB7A89DF69739 /* MotionPolicy.swift */,
			);
			path = DesignSystem;
			sourceTree = "<group>";
		};
		CCFE3FA12F5DFDE6C9397B8F /* RomeoDailyLedgerTests */ = {
			isa = PBXGroup;
			children = (
				285C8C72B8327ACDF2A99E12 /* AppLaunchTests.swift */,
				170C1AC99CAA3996329B1419 /* AI */,
				053D34F164C093B4ADB8694E /* Calendar */,
				1958BF26297D7647629AE4AB /* DataTransfer */,
				0D4A97407D6BB0188B4E591F /* DesignSystem */,
				FA3602B5A41812A2BBBA6928 /* Domain */,
				3EF4304E680931D851997CDC /* Insights */,
				A6E4EBE8A541A23E60E4BB55 /* Ledger */,
				5196F60D22765D14971580B3 /* Persistence */,
				89FDDBBB6F75E0E81DA58BAC /* Release */,
				581823D53BDBB98E550EE854 /* Settings */,
				2295D584D775B602188BEC61 /* Support */,
			);
			path = RomeoDailyLedgerTests;
			sourceTree = "<group>";
		};
		CE227289878F01653BF63D9E /* AI */ = {
			isa = PBXGroup;
			children = (
				4D83032BA66F7F414CB6881E /* AILedgerAssistantView.swift */,
			);
			path = AI;
			sourceTree = "<group>";
		};
		CFE8247AA6ABED2B4B1A8FF8 /* Products */ = {
			isa = PBXGroup;
			children = (
				8A34ECAA59A845F2BE01B83C /* RomeoDailyLedger.app */,
				DA089AFA028DF85DE6C2E69E /* RomeoDailyLedgerTests.xctest */,
				165C6F4961A516A3C4BEDBBE /* RomeoDailyLedgerUITests.xctest */,
			);
			name = Products;
			sourceTree = "<group>";
		};
		D17D30E0722947271CDCEC47 /* Ledger */ = {
			isa = PBXGroup;
			children = (
				1847841CB115A1A27FC9E978 /* DeletionUndoCoordinator.swift */,
				D5B2DD37BFB3EC461A995BB0 /* EntryEditorView.swift */,
				B17EB2627356AD4DBBE8C2BD /* EntryEditorViewModel.swift */,
				7A566C3F32505B91A53691ED /* EntryListView.swift */,
				8DB3E588E1B5DCA0C8556551 /* LedgerFormatting.swift */,
				ECE05E7DA8BC3A1B08A8655D /* LedgerView.swift */,
				4BEEED90FA47DABABCB16315 /* LedgerViewModel.swift */,
				F78E68DFB6F04C1E88A1E275 /* QuickEntryView.swift */,
				8223A5E2F57043F92EF567D7 /* SelectionSummary.swift */,
				F0FF0593F5A3A86424BEE71E /* SelectionSummaryBar.swift */,
			);
			path = Ledger;
			sourceTree = "<group>";
		};
		D1E52FBF8F17809A88C5FEED /* RomeoDailyLedgerUITests */ = {
			isa = PBXGroup;
			children = (
				C57A6F03ACA3641BD1AA472D /* AIFlowUITests.swift */,
				2B42970BD82248CFCC9F339B /* AppSmokeUITests.swift */,
				A7F119834611E89B30FC8C4E /* DataTransferUITests.swift */,
				04ED95803D67504259A80C68 /* LedgerFlowUITests.swift */,
				101D7743834FD0F7A30D5BED /* LocalizationUITests.swift */,
			);
			path = RomeoDailyLedgerUITests;
			sourceTree = "<group>";
		};
		FA3602B5A41812A2BBBA6928 /* Domain */ = {
			isa = PBXGroup;
			children = (
				DE9B638973FC4A6905811674 /* LedgerModelTests.swift */,
			);
			path = Domain;
			sourceTree = "<group>";
		};
/* End PBXGroup section */

/* Begin PBXNativeTarget section */
		422829583734EE63BE6AEC2B /* RomeoDailyLedgerUITests */ = {
			isa = PBXNativeTarget;
			buildConfigurationList = D4F2D9E101E8B0DF56E829EC /* Build configuration list for PBXNativeTarget "RomeoDailyLedgerUITests" */;
			buildPhases = (
				7817E02C06830ADC597C0828 /* Sources */,
			);
			buildRules = (
			);
			dependencies = (
				02B382654E3893EEEDB91F04 /* PBXTargetDependency */,
			);
			name = RomeoDailyLedgerUITests;
			packageProductDependencies = (
			);
			productName = RomeoDailyLedgerUITests;
			productReference = 165C6F4961A516A3C4BEDBBE /* RomeoDailyLedgerUITests.xctest */;
			productType = "com.apple.product-type.bundle.ui-testing";
		};
		9793F05C916E7B0C84CEDCC9 /* RomeoDailyLedgerTests */ = {
			isa = PBXNativeTarget;
			buildConfigurationList = 20B6D7BCE7FC59D6F975F78D /* Build configuration list for PBXNativeTarget "RomeoDailyLedgerTests" */;
			buildPhases = (
				7D9E21C5A1F1BACB965A7F52 /* Sources */,
			);
			buildRules = (
			);
			dependencies = (
				4B2BF740BFFC3E120246F593 /* PBXTargetDependency */,
			);
			name = RomeoDailyLedgerTests;
			packageProductDependencies = (
			);
			productName = RomeoDailyLedgerTests;
			productReference = DA089AFA028DF85DE6C2E69E /* RomeoDailyLedgerTests.xctest */;
			productType = "com.apple.product-type.bundle.unit-test";
		};
		AD59B0D017FA8249296E460C /* RomeoDailyLedger */ = {
			isa = PBXNativeTarget;
			buildConfigurationList = D28639CD0A00863B1AB2F627 /* Build configuration list for PBXNativeTarget "RomeoDailyLedger" */;
			buildPhases = (
				C6F7CCF9F0AC7D4267C3D42A /* Sources */,
				CE89156992220B5A15FFEFC7 /* Resources */,
			);
			buildRules = (
			);
			dependencies = (
			);
			name = RomeoDailyLedger;
			packageProductDependencies = (
			);
			productName = RomeoDailyLedger;
			productReference = 8A34ECAA59A845F2BE01B83C /* RomeoDailyLedger.app */;
			productType = "com.apple.product-type.application";
		};
/* End PBXNativeTarget section */

/* Begin PBXProject section */
		7E0EDD132EE9AB7807B9CD26 /* Project object */ = {
			isa = PBXProject;
			attributes = {
				BuildIndependentTargetsInParallel = YES;
				LastUpgradeCheck = 1430;
				TargetAttributes = {
					422829583734EE63BE6AEC2B = {
						TestTargetID = AD59B0D017FA8249296E460C;
					};
				};
			};
			buildConfigurationList = A854C8B2535C207713BA2E5D /* Build configuration list for PBXProject "RomeoDailyLedger" */;
			developmentRegion = en;
			hasScannedForEncodings = 0;
			knownRegions = (
				Base,
				en,
				"zh-Hans",
			);
			mainGroup = 7F7FECFAD1EE10E4BF885C0A;
			minimizedProjectReferenceProxies = 1;
			preferredProjectObjectVersion = 77;
			productRefGroup = CFE8247AA6ABED2B4B1A8FF8 /* Products */;
			projectDirPath = "";
			projectRoot = "";
			targets = (
				AD59B0D017FA8249296E460C /* RomeoDailyLedger */,
				9793F05C916E7B0C84CEDCC9 /* RomeoDailyLedgerTests */,
				422829583734EE63BE6AEC2B /* RomeoDailyLedgerUITests */,
			);
		};
/* End PBXProject section */

/* Begin PBXResourcesBuildPhase section */
		CE89156992220B5A15FFEFC7 /* Resources */ = {
			isa = PBXResourcesBuildPhase;
			buildActionMask = 2147483647;
			files = (
				A861722774503EE34AE5C225 /* Assets.xcassets in Resources */,
				C0B9A3F9BBB0F1EF8D30526B /* InfoPlist.xcstrings in Resources */,
				EDDE9FBAE609B2BD93AAC29A /* Localizable.xcstrings in Resources */,
				1105FD2C09C94AEB72323B17 /* bot.svg in Resources */,
				75C4D5B8712E22259C191873 /* calendar-days.svg in Resources */,
				B1832F2C4790A72682A556D0 /* chart-no-axes-column-increasing.svg in Resources */,
				6E4631F216C85329251E22A1 /* settings.svg in Resources */,
				45872D375A65704792003125 /* wallet-cards.svg in Resources */,
			);
			runOnlyForDeploymentPostprocessing = 0;
		};
/* End PBXResourcesBuildPhase section */

/* Begin PBXSourcesBuildPhase section */
		7817E02C06830ADC597C0828 /* Sources */ = {
			isa = PBXSourcesBuildPhase;
			buildActionMask = 2147483647;
			files = (
				F6E071D002CFAC98B89E9F87 /* AIFlowUITests.swift in Sources */,
				2E2870569D23E41B733FDFFB /* AppSmokeUITests.swift in Sources */,
				8ABE1E7736B33A660885DFB4 /* DataTransferUITests.swift in Sources */,
				34A745A6FB05CE8564E53E60 /* LedgerFlowUITests.swift in Sources */,
				60579EC3E5D1C8AFB691B67A /* LocalizationUITests.swift in Sources */,
			);
			runOnlyForDeploymentPostprocessing = 0;
		};
		7D9E21C5A1F1BACB965A7F52 /* Sources */ = {
			isa = PBXSourcesBuildPhase;
			buildActionMask = 2147483647;
			files = (
				D7069E6DA32F025B8CB4F959 /* AIAnalysisTests.swift in Sources */,
				1201556DEEDB74749EC402BC /* AIClientTests.swift in Sources */,
				74D5256A3F38B169045BAD6F /* AppLaunchTests.swift in Sources */,
				011392DCA1EB206ACDDEA78A /* AppPreferencesTests.swift in Sources */,
				A97393F233911E70D2F42D58 /* CalendarViewModelTests.swift in Sources */,
				01EEE712A19071F059B36888 /* DataTransferTests.swift in Sources */,
				1BC5EB464ED5066492BCB972 /* DesignSystemTests.swift in Sources */,
				CA6F75B15DE09E3B905F3C85 /* InsightsAggregatorTests.swift in Sources */,
				2243EDC717704617B2CF6883 /* InsightsViewModelTests.swift in Sources */,
				BB488B5EA80FE6CE396B151D /* LedgerFormattingTests.swift in Sources */,
				6440B21D0E2A99787A783EFB /* LedgerModelTests.swift in Sources */,
				86E5AD343BB89B0A4B2CA0BD /* LedgerRepositoryTests.swift in Sources */,
				5B649BDCD397D5B05053BEB5 /* LedgerViewModelTests.swift in Sources */,
				1C74165CF292A1A4BE09BEED /* LocalizationTests.swift in Sources */,
				09147D5B202C0A41DB457507 /* ReleaseConfigurationTests.swift in Sources */,
				4639F57364FF4A7D13F94303 /* ReleaseUpdateServiceTests.swift in Sources */,
				9F05EAC093C637D0C6DDAF60 /* RepositoryDoubles.swift in Sources */,
				8B894F197D73ED9D79B5B56F /* SelectionSummaryTests.swift in Sources */,
				39493364396C24DA2824403C /* TestRepository.swift in Sources */,
			);
			runOnlyForDeploymentPostprocessing = 0;
		};
		C6F7CCF9F0AC7D4267C3D42A /* Sources */ = {
			isa = PBXSourcesBuildPhase;
			buildActionMask = 2147483647;
			files = (
				0163903817FF883CB8B2029D /* AIAnalysisScope.swift in Sources */,
				47ADEE0A15267A045E6F802B /* AIClient.swift in Sources */,
				28C23CF7A444251CCFFAAC37 /* AIKeychainStore.swift in Sources */,
				84E2A880A3DD9E8A6A509403 /* AILedgerAssistantView.swift in Sources */,
				DE17AEE489268E3913A54FF7 /* AIProtocol.swift in Sources */,
				14FA5B915E7264380B2D3CFC /* AISettingsView.swift in Sources */,
				E801873011ED7BEE2C202F3F /* AppCommands.swift in Sources */,
				9722F0C0722FDC4F6645FD24 /* AppDependencies.swift in Sources */,
				654BB5C72CA324A7D78D9640 /* AppLocalization.swift in Sources */,
				6B4C5AC427C96CA24022C314 /* AppPreferences.swift in Sources */,
				DC9149DB8708C52EA3401BB9 /* AppTheme.swift in Sources */,
				1BEC4AD365B40527ED4F93D5 /* AppTypography.swift in Sources */,
				FED427BC35A8884B5202C714 /* AppearanceSettingsView.swift in Sources */,
				438549E7BD2351E2F6AB1C38 /* CalendarView.swift in Sources */,
				01530AA3A35D830CB4FB7A8B /* CalendarViewModel.swift in Sources */,
				BE156DBB13E9D40150542611 /* Category.swift in Sources */,
				023BC2BCDBDAC6CE827B64EC /* CategoryManagementView.swift in Sources */,
				C251E1809192F7BC9299002A /* DataSettingsView.swift in Sources */,
				B82086FCDAF6537711CC5BC2 /* DefaultCategorySeeder.swift in Sources */,
				6F32AF6BB9F1D8F554D45704 /* DeletionUndoCoordinator.swift in Sources */,
				26F1496B690C20128478F058 /* EntryEditorView.swift in Sources */,
				0C0CBADAB2CB382E58FF8937 /* EntryEditorViewModel.swift in Sources */,
				448D089EA6AD0124E8AD64FC /* EntryKind.swift in Sources */,
				8AA02FF08AD5CF2763CD39C8 /* EntryListView.swift in Sources */,
				94ACC48D7D6735722EC3E6DE /* GeneralSettingsView.swift in Sources */,
				D5BF6095475660EBBE49735F /* InsightsAggregator.swift in Sources */,
				9C56B853000B8260A9079D14 /* InsightsView.swift in Sources */,
				820456D01923514170E9C6A6 /* InsightsViewModel.swift in Sources */,
				3B2177D1EFCD13CFC5844089 /* LedgerDraft.swift in Sources */,
				5AAC5D7EB34A29B57F171320 /* LedgerEntry.swift in Sources */,
				61949B45CE4F70D607F58F48 /* LedgerFormatting.swift in Sources */,
				300E6D5A6F56F937E39227E2 /* LedgerRepository.swift in Sources */,
				D3019266CC126891FAEC4646 /* LedgerTransfer.swift in Sources */,
				4552AF0F50004B658A241C96 /* LedgerTransferService.swift in Sources */,
				A9AD8366C903BDF3BD7656B5 /* LedgerView.swift in Sources */,
				9C9011EBD97AF5490D2C348B /* LedgerViewModel.swift in Sources */,
				8BA574C8F1BB745AA84BD27B /* LucideIcon.swift in Sources */,
				684A19A53E9BFE22CFCD3C2D /* ModelContainerFactory.swift in Sources */,
				092B0604180758520981F051 /* MotionPolicy.swift in Sources */,
				981A97F8835969E6D36141A1 /* QuickEntryView.swift in Sources */,
				7233F95ED6C30E36FF8B9904 /* ReleaseUpdateService.swift in Sources */,
				C1C7F6337BC32CA38FA0D68E /* RomeoDailyLedgerApp.swift in Sources */,
				45BB6752D9350589B0F68091 /* RootView.swift in Sources */,
				A0774D4B0ED73C111059DFC3 /* SelectionSummary.swift in Sources */,
				8EA896D1BA519C53D8C74E4B /* SelectionSummaryBar.swift in Sources */,
				2568C94510F9B7C59EF3FDE8 /* SettingsRootView.swift in Sources */,
				7AA8FBEBBCC5B532058D644D /* SwiftDataLedgerRepository.swift in Sources */,
				E17A406D90DB0EA740D84ECF /* UpdateCheckView.swift in Sources */,
			);
			runOnlyForDeploymentPostprocessing = 0;
		};
/* End PBXSourcesBuildPhase section */

/* Begin PBXTargetDependency section */
		02B382654E3893EEEDB91F04 /* PBXTargetDependency */ = {
			isa = PBXTargetDependency;
			target = AD59B0D017FA8249296E460C /* RomeoDailyLedger */;
			targetProxy = 5F9359DBFAF9FC046FA17D23 /* PBXContainerItemProxy */;
		};
		4B2BF740BFFC3E120246F593 /* PBXTargetDependency */ = {
			isa = PBXTargetDependency;
			target = AD59B0D017FA8249296E460C /* RomeoDailyLedger */;
			targetProxy = BF10F2B60514C9C4435A4781 /* PBXContainerItemProxy */;
		};
/* End PBXTargetDependency section */

/* Begin XCBuildConfiguration section */
		6051A044DD7932AE204E9F92 /* Release */ = {
			isa = XCBuildConfiguration;
			buildSettings = {
				ALWAYS_SEARCH_USER_PATHS = NO;
				CLANG_ANALYZER_NONNULL = YES;
				CLANG_ANALYZER_NUMBER_OBJECT_CONVERSION = YES_AGGRESSIVE;
				CLANG_CXX_LANGUAGE_STANDARD = "gnu++14";
				CLANG_CXX_LIBRARY = "libc++";
				CLANG_ENABLE_MODULES = YES;
				CLANG_ENABLE_OBJC_ARC = YES;
				CLANG_ENABLE_OBJC_WEAK = YES;
				CLANG_WARN_BLOCK_CAPTURE_AUTORELEASING = YES;
				CLANG_WARN_BOOL_CONVERSION = YES;
				CLANG_WARN_COMMA = YES;
				CLANG_WARN_CONSTANT_CONVERSION = YES;
				CLANG_WARN_DEPRECATED_OBJC_IMPLEMENTATIONS = YES;
				CLANG_WARN_DIRECT_OBJC_ISA_USAGE = YES_ERROR;
				CLANG_WARN_DOCUMENTATION_COMMENTS = YES;
				CLANG_WARN_EMPTY_BODY = YES;
				CLANG_WARN_ENUM_CONVERSION = YES;
				CLANG_WARN_INFINITE_RECURSION = YES;
				CLANG_WARN_INT_CONVERSION = YES;
				CLANG_WARN_NON_LITERAL_NULL_CONVERSION = YES;
				CLANG_WARN_OBJC_IMPLICIT_RETAIN_SELF = YES;
				CLANG_WARN_OBJC_LITERAL_CONVERSION = YES;
				CLANG_WARN_OBJC_ROOT_CLASS = YES_ERROR;
				CLANG_WARN_QUOTED_INCLUDE_IN_FRAMEWORK_HEADER = YES;
				CLANG_WARN_RANGE_LOOP_ANALYSIS = YES;
				CLANG_WARN_STRICT_PROTOTYPES = YES;
				CLANG_WARN_SUSPICIOUS_MOVE = YES;
				CLANG_WARN_UNGUARDED_AVAILABILITY = YES_AGGRESSIVE;
				CLANG_WARN_UNREACHABLE_CODE = YES;
				CLANG_WARN__DUPLICATE_METHOD_MATCH = YES;
				COPY_PHASE_STRIP = NO;
				CURRENT_PROJECT_VERSION = 1;
				DEBUG_INFORMATION_FORMAT = "dwarf-with-dsym";
				ENABLE_NS_ASSERTIONS = NO;
				ENABLE_STRICT_OBJC_MSGSEND = YES;
				GCC_C_LANGUAGE_STANDARD = gnu11;
				GCC_NO_COMMON_BLOCKS = YES;
				GCC_WARN_64_TO_32_BIT_CONVERSION = YES;
				GCC_WARN_ABOUT_RETURN_TYPE = YES_ERROR;
				GCC_WARN_UNDECLARED_SELECTOR = YES;
				GCC_WARN_UNINITIALIZED_AUTOS = YES_AGGRESSIVE;
				GCC_WARN_UNUSED_FUNCTION = YES;
				GCC_WARN_UNUSED_VARIABLE = YES;
				MACOSX_DEPLOYMENT_TARGET = 14.0;
				MARKETING_VERSION = 1.0.0;
				MTL_ENABLE_DEBUG_INFO = NO;
				MTL_FAST_MATH = YES;
				PRODUCT_BUNDLE_IDENTIFIER = com.romeoke.RomeoDailyLedger;
				PRODUCT_NAME = "$(TARGET_NAME)";
				SDKROOT = macosx;
				SWIFT_COMPILATION_MODE = wholemodule;
				SWIFT_OPTIMIZATION_LEVEL = "-O";
				SWIFT_VERSION = 6.0;
			};
			name = Release;
		};
		78F69F9B0F03349281607656 /* Release */ = {
			isa = XCBuildConfiguration;
			baseConfigurationReference = 81AB2F72DE14DE048D965954 /* Release.xcconfig */;
			buildSettings = {
				ASSETCATALOG_COMPILER_APPICON_NAME = AppIcon;
				COMBINE_HIDPI_IMAGES = YES;
				INFOPLIST_FILE = RomeoDailyLedger/Resources/Info.plist;
				LD_RUNPATH_SEARCH_PATHS = (
					"$(inherited)",
					"@executable_path/../Frameworks",
				);
				PRODUCT_MODULE_NAME = RomeoDailyLedger;
				PRODUCT_NAME = "Romeo Daily Ledger";
				SDKROOT = macosx;
			};
			name = Release;
		};
		8235AB1C2B425413EC906437 /* Release */ = {
			isa = XCBuildConfiguration;
			buildSettings = {
				BUNDLE_LOADER = "$(TEST_HOST)";
				COMBINE_HIDPI_IMAGES = YES;
				GENERATE_INFOPLIST_FILE = YES;
				LD_RUNPATH_SEARCH_PATHS = (
					"$(inherited)",
					"@executable_path/../Frameworks",
					"@loader_path/../Frameworks",
				);
				PRODUCT_BUNDLE_IDENTIFIER = com.romeoke.RomeoDailyLedgerTests;
				SDKROOT = macosx;
				TEST_HOST = "$(BUILT_PRODUCTS_DIR)/Romeo Daily Ledger.app/Contents/MacOS/Romeo Daily Ledger";
			};
			name = Release;
		};
		8F38D7C652263399ABE91C50 /* Debug */ = {
			isa = XCBuildConfiguration;
			buildSettings = {
				ALWAYS_SEARCH_USER_PATHS = NO;
				CLANG_ANALYZER_NONNULL = YES;
				CLANG_ANALYZER_NUMBER_OBJECT_CONVERSION = YES_AGGRESSIVE;
				CLANG_CXX_LANGUAGE_STANDARD = "gnu++14";
				CLANG_CXX_LIBRARY = "libc++";
				CLANG_ENABLE_MODULES = YES;
				CLANG_ENABLE_OBJC_ARC = YES;
				CLANG_ENABLE_OBJC_WEAK = YES;
				CLANG_WARN_BLOCK_CAPTURE_AUTORELEASING = YES;
				CLANG_WARN_BOOL_CONVERSION = YES;
				CLANG_WARN_COMMA = YES;
				CLANG_WARN_CONSTANT_CONVERSION = YES;
				CLANG_WARN_DEPRECATED_OBJC_IMPLEMENTATIONS = YES;
				CLANG_WARN_DIRECT_OBJC_ISA_USAGE = YES_ERROR;
				CLANG_WARN_DOCUMENTATION_COMMENTS = YES;
				CLANG_WARN_EMPTY_BODY = YES;
				CLANG_WARN_ENUM_CONVERSION = YES;
				CLANG_WARN_INFINITE_RECURSION = YES;
				CLANG_WARN_INT_CONVERSION = YES;
				CLANG_WARN_NON_LITERAL_NULL_CONVERSION = YES;
				CLANG_WARN_OBJC_IMPLICIT_RETAIN_SELF = YES;
				CLANG_WARN_OBJC_LITERAL_CONVERSION = YES;
				CLANG_WARN_OBJC_ROOT_CLASS = YES_ERROR;
				CLANG_WARN_QUOTED_INCLUDE_IN_FRAMEWORK_HEADER = YES;
				CLANG_WARN_RANGE_LOOP_ANALYSIS = YES;
				CLANG_WARN_STRICT_PROTOTYPES = YES;
				CLANG_WARN_SUSPICIOUS_MOVE = YES;
				CLANG_WARN_UNGUARDED_AVAILABILITY = YES_AGGRESSIVE;
				CLANG_WARN_UNREACHABLE_CODE = YES;
				CLANG_WARN__DUPLICATE_METHOD_MATCH = YES;
				COPY_PHASE_STRIP = NO;
				CURRENT_PROJECT_VERSION = 1;
				DEBUG_INFORMATION_FORMAT = dwarf;
				ENABLE_STRICT_OBJC_MSGSEND = YES;
				ENABLE_TESTABILITY = YES;
				GCC_C_LANGUAGE_STANDARD = gnu11;
				GCC_DYNAMIC_NO_PIC = NO;
				GCC_NO_COMMON_BLOCKS = YES;
				GCC_OPTIMIZATION_LEVEL = 0;
				GCC_PREPROCESSOR_DEFINITIONS = (
					"$(inherited)",
					"DEBUG=1",
				);
				GCC_WARN_64_TO_32_BIT_CONVERSION = YES;
				GCC_WARN_ABOUT_RETURN_TYPE = YES_ERROR;
				GCC_WARN_UNDECLARED_SELECTOR = YES;
				GCC_WARN_UNINITIALIZED_AUTOS = YES_AGGRESSIVE;
				GCC_WARN_UNUSED_FUNCTION = YES;
				GCC_WARN_UNUSED_VARIABLE = YES;
				MACOSX_DEPLOYMENT_TARGET = 14.0;
				MARKETING_VERSION = 1.0.0;
				MTL_ENABLE_DEBUG_INFO = INCLUDE_SOURCE;
				MTL_FAST_MATH = YES;
				ONLY_ACTIVE_ARCH = YES;
				PRODUCT_BUNDLE_IDENTIFIER = com.romeoke.RomeoDailyLedger;
				PRODUCT_NAME = "$(TARGET_NAME)";
				SDKROOT = macosx;
				SWIFT_ACTIVE_COMPILATION_CONDITIONS = DEBUG;
				SWIFT_OPTIMIZATION_LEVEL = "-Onone";
				SWIFT_VERSION = 6.0;
			};
			name = Debug;
		};
		93626E363B9A8429E799AC58 /* Debug */ = {
			isa = XCBuildConfiguration;
			buildSettings = {
				BUNDLE_LOADER = "$(TEST_HOST)";
				COMBINE_HIDPI_IMAGES = YES;
				GENERATE_INFOPLIST_FILE = YES;
				LD_RUNPATH_SEARCH_PATHS = (
					"$(inherited)",
					"@executable_path/../Frameworks",
					"@loader_path/../Frameworks",
				);
				PRODUCT_BUNDLE_IDENTIFIER = com.romeoke.RomeoDailyLedgerTests;
				SDKROOT = macosx;
				TEST_HOST = "$(BUILT_PRODUCTS_DIR)/Romeo Daily Ledger.app/Contents/MacOS/Romeo Daily Ledger";
			};
			name = Debug;
		};
		C09F29E77FA7B50F5CB1E7F5 /* Release */ = {
			isa = XCBuildConfiguration;
			buildSettings = {
				BUNDLE_LOADER = "$(TEST_HOST)";
				COMBINE_HIDPI_IMAGES = YES;
				GENERATE_INFOPLIST_FILE = YES;
				LD_RUNPATH_SEARCH_PATHS = (
					"$(inherited)",
					"@executable_path/Frameworks",
					"@loader_path/Frameworks",
				);
				PRODUCT_BUNDLE_IDENTIFIER = com.romeoke.RomeoDailyLedgerUITests;
				SDKROOT = macosx;
				TEST_TARGET_NAME = RomeoDailyLedger;
			};
			name = Release;
		};
		C9B004B23857C3C768558F9D /* Debug */ = {
			isa = XCBuildConfiguration;
			baseConfigurationReference = A86AB2C645BD94FEA4864A32 /* Debug.xcconfig */;
			buildSettings = {
				ASSETCATALOG_COMPILER_APPICON_NAME = AppIcon;
				COMBINE_HIDPI_IMAGES = YES;
				INFOPLIST_FILE = RomeoDailyLedger/Resources/Info.plist;
				LD_RUNPATH_SEARCH_PATHS = (
					"$(inherited)",
					"@executable_path/../Frameworks",
				);
				PRODUCT_MODULE_NAME = RomeoDailyLedger;
				PRODUCT_NAME = "Romeo Daily Ledger";
				SDKROOT = macosx;
			};
			name = Debug;
		};
		FD81C0C308C3DF2A7F131191 /* Debug */ = {
			isa = XCBuildConfiguration;
			buildSettings = {
				BUNDLE_LOADER = "$(TEST_HOST)";
				COMBINE_HIDPI_IMAGES = YES;
				GENERATE_INFOPLIST_FILE = YES;
				LD_RUNPATH_SEARCH_PATHS = (
					"$(inherited)",
					"@executable_path/Frameworks",
					"@loader_path/Frameworks",
				);
				PRODUCT_BUNDLE_IDENTIFIER = com.romeoke.RomeoDailyLedgerUITests;
				SDKROOT = macosx;
				TEST_TARGET_NAME = RomeoDailyLedger;
			};
			name = Debug;
		};
/* End XCBuildConfiguration section */

/* Begin XCConfigurationList section */
		20B6D7BCE7FC59D6F975F78D /* Build configuration list for PBXNativeTarget "RomeoDailyLedgerTests" */ = {
			isa = XCConfigurationList;
			buildConfigurations = (
				93626E363B9A8429E799AC58 /* Debug */,
				8235AB1C2B425413EC906437 /* Release */,
			);
			defaultConfigurationIsVisible = 0;
			defaultConfigurationName = Debug;
		};
		A854C8B2535C207713BA2E5D /* Build configuration list for PBXProject "RomeoDailyLedger" */ = {
			isa = XCConfigurationList;
			buildConfigurations = (
				8F38D7C652263399ABE91C50 /* Debug */,
				6051A044DD7932AE204E9F92 /* Release */,
			);
			defaultConfigurationIsVisible = 0;
			defaultConfigurationName = Debug;
		};
		D28639CD0A00863B1AB2F627 /* Build configuration list for PBXNativeTarget "RomeoDailyLedger" */ = {
			isa = XCConfigurationList;
			buildConfigurations = (
				C9B004B23857C3C768558F9D /* Debug */,
				78F69F9B0F03349281607656 /* Release */,
			);
			defaultConfigurationIsVisible = 0;
			defaultConfigurationName = Debug;
		};
		D4F2D9E101E8B0DF56E829EC /* Build configuration list for PBXNativeTarget "RomeoDailyLedgerUITests" */ = {
			isa = XCConfigurationList;
			buildConfigurations = (
				FD81C0C308C3DF2A7F131191 /* Debug */,
				C09F29E77FA7B50F5CB1E7F5 /* Release */,
			);
			defaultConfigurationIsVisible = 0;
			defaultConfigurationName = Debug;
		};
/* End XCConfigurationList section */
	};
	rootObject = 7E0EDD132EE9AB7807B9CD26 /* Project object */;
}
